// !$*UTF8*$!
{
	archiveVersion = 1;
	classes = {
	};
	objectVersion = 56;
	objects = {

/* Begin PBXBuildFile section */
		E90FD5972B8312FB00358EEF /* Cafe.swift in Sources */ = {isa = PBXBuildFile; fileRef = E90FD5962B8312FB00358EEF /* Cafe.swift */; };
		E90FD5E42B84AC3600358EEF /* ParameterEncoding.swift in Sources */ = {isa = PBXBuildFile; fileRef = E90FD5D22B84AC3600358EEF /* ParameterEncoding.swift */; };
		E90FD5E52B84AC3600358EEF /* URLParameterEncoder.swift in Sources */ = {isa = PBXBuildFile; fileRef = E90FD5D32B84AC3600358EEF /* URLParameterEncoder.swift */; };
		E90FD5E62B84AC3600358EEF /* JSONParameterEncoder.swift in Sources */ = {isa = PBXBuildFile; fileRef = E90FD5D42B84AC3600358EEF /* JSONParameterEncoder.swift */; };
		E90FD5E72B84AC3600358EEF /* NetworkManager.swift in Sources */ = {isa = PBXBuildFile; fileRef = E90FD5D62B84AC3600358EEF /* NetworkManager.swift */; };
		E90FD5E82B84AC3600358EEF /* SevenWindsStudioEndpoint.swift in Sources */ = {isa = PBXBuildFile; fileRef = E90FD5D82B84AC3600358EEF /* SevenWindsStudioEndpoint.swift */; };
		E90FD5E92B84AC3600358EEF /* LoginResponse.swift in Sources */ = {isa = PBXBuildFile; fileRef = E90FD5DA2B84AC3600358EEF /* LoginResponse.swift */; };
		E90FD5EA2B84AC3600358EEF /* CafeResponse.swift in Sources */ = {isa = PBXBuildFile; fileRef = E90FD5DB2B84AC3600358EEF /* CafeResponse.swift */; };
		E90FD5EB2B84AC3600358EEF /* CafesResponse.swift in Sources */ = {isa = PBXBuildFile; fileRef = E90FD5DC2B84AC3600358EEF /* CafesResponse.swift */; };
		E90FD5EC2B84AC3600358EEF /* Coffee.swift in Sources */ = {isa = PBXBuildFile; fileRef = E90FD5DD2B84AC3600358EEF /* Coffee.swift */; };
		E90FD5ED2B84AC3600358EEF /* NetworkRouter.swift in Sources */ = {isa = PBXBuildFile; fileRef = E90FD5DF2B84AC3600358EEF /* NetworkRouter.swift */; };
		E90FD5EE2B84AC3600358EEF /* HTTPTask.swift in Sources */ = {isa = PBXBuildFile; fileRef = E90FD5E02B84AC3600358EEF /* HTTPTask.swift */; };
		E90FD5EF2B84AC3600358EEF /* HTTPMethod.swift in Sources */ = {isa = PBXBuildFile; fileRef = E90FD5E12B84AC3600358EEF /* HTTPMethod.swift */; };
		E90FD5F02B84AC3600358EEF /* Router.swift in Sources */ = {isa = PBXBuildFile; fileRef = E90FD5E22B84AC3600358EEF /* Router.swift */; };
		E90FD5F12B84AC3600358EEF /* EndpointType.swift in Sources */ = {isa = PBXBuildFile; fileRef = E90FD5E32B84AC3600358EEF /* EndpointType.swift */; };
		E90FD5F32B84AD4F00358EEF /* LoadingView.swift in Sources */ = {isa = PBXBuildFile; fileRef = E90FD5F22B84AD4E00358EEF /* LoadingView.swift */; };
		E90FD5F52B84AD7A00358EEF /* ButtonView.swift in Sources */ = {isa = PBXBuildFile; fileRef = E90FD5F42B84AD7A00358EEF /* ButtonView.swift */; };
		E90FD5F72B84AD9400358EEF /* BackButton.swift in Sources */ = {isa = PBXBuildFile; fileRef = E90FD5F62B84AD9400358EEF /* BackButton.swift */; };
		E90FD6002B84ADC600358EEF /* CafesViewModel.swift in Sources */ = {isa = PBXBuildFile; fileRef = E90FD5FA2B84ADC600358EEF /* CafesViewModel.swift */; };
		E90FD6012B84ADC600358EEF /* CafeListView.swift in Sources */ = {isa = PBXBuildFile; fileRef = E90FD5FC2B84ADC600358EEF /* CafeListView.swift */; };
		E90FD6022B84ADC600358EEF /* CafeDetailView.swift in Sources */ = {isa = PBXBuildFile; fileRef = E90FD5FD2B84ADC600358EEF /* CafeDetailView.swift */; };
		E90FD6032B84ADC600358EEF /* CoffeeCellView.swift in Sources */ = {isa = PBXBuildFile; fileRef = E90FD5FE2B84ADC600358EEF /* CoffeeCellView.swift */; };
		E90FD6042B84ADC600358EEF /* OrderView.swift in Sources */ = {isa = PBXBuildFile; fileRef = E90FD5FF2B84ADC600358EEF /* OrderView.swift */; };
		E953B7D92B80FDE50007AC01 /* sevenTestStudioApp.swift in Sources */ = {isa = PBXBuildFile; fileRef = E953B7D82B80FDE50007AC01 /* sevenTestStudioApp.swift */; };
		E953B7DB2B80FDE50007AC01 /* ContentView.swift in Sources */ = {isa = PBXBuildFile; fileRef = E953B7DA2B80FDE50007AC01 /* ContentView.swift */; };
		E953B7DD2B80FDE70007AC01 /* Assets.xcassets in Resources */ = {isa = PBXBuildFile; fileRef = E953B7DC2B80FDE70007AC01 /* Assets.xcassets */; };
		E953B7E02B80FDE70007AC01 /* Preview Assets.xcassets in Resources */ = {isa = PBXBuildFile; fileRef = E953B7DF2B80FDE70007AC01 /* Preview Assets.xcassets */; };
		E953B7EA2B80FDE80007AC01 /* sevenTestStudioTests.swift in Sources */ = {isa = PBXBuildFile; fileRef = E953B7E92B80FDE80007AC01 /* sevenTestStudioTests.swift */; };
		E953B7F42B80FDE80007AC01 /* sevenTestStudioUITests.swift in Sources */ = {isa = PBXBuildFile; fileRef = E953B7F32B80FDE80007AC01 /* sevenTestStudioUITests.swift */; };
		E953B7F62B80FDE80007AC01 /* sevenTestStudioUITestsLaunchTests.swift in Sources */ = {isa = PBXBuildFile; fileRef = E953B7F52B80FDE80007AC01 /* sevenTestStudioUITestsLaunchTests.swift */; };
		E953B8072B80FF950007AC01 /* LoginView.swift in Sources */ = {isa = PBXBuildFile; fileRef = E953B8062B80FF950007AC01 /* LoginView.swift */; };
		E953B80A2B80FFE60007AC01 /* InputView.swift in Sources */ = {isa = PBXBuildFile; fileRef = E953B8092B80FFE60007AC01 /* InputView.swift */; };
		E953B80C2B8100280007AC01 /* RegistrationView.swift in Sources */ = {isa = PBXBuildFile; fileRef = E953B80B2B8100270007AC01 /* RegistrationView.swift */; };
		E953B80F2B8100510007AC01 /* AuthViewModel.swift in Sources */ = {isa = PBXBuildFile; fileRef = E953B80E2B8100510007AC01 /* AuthViewModel.swift */; };
		E953B8112B8112350007AC01 /* NavigationBarView.swift in Sources */ = {isa = PBXBuildFile; fileRef = E953B8102B8112350007AC01 /* NavigationBarView.swift */; };
		E953B8332B824EB40007AC01 /* LocationManager.swift in Sources */ = {isa = PBXBuildFile; fileRef = E953B8322B824EB40007AC01 /* LocationManager.swift */; };
/* End PBXBuildFile section */

/* Begin PBXContainerItemProxy section */
		E953B7E62B80FDE80007AC01 /* PBXContainerItemProxy */ = {
			isa = PBXContainerItemProxy;
			containerPortal = E953B7CD2B80FDE50007AC01 /* Project object */;
			proxyType = 1;
			remoteGlobalIDString = E953B7D42B80FDE50007AC01;
			remoteInfo = sevenTestStudio;
		};
		E953B7F02B80FDE80007AC01 /* PBXContainerItemProxy */ = {
			isa = PBXContainerItemProxy;
			containerPortal = E953B7CD2B80FDE50007AC01 /* Project object */;
			proxyType = 1;
			remoteGlobalIDString = E953B7D42B80FDE50007AC01;
			remoteInfo = sevenTestStudio;
		};
/* End PBXContainerItemProxy section */

/* Begin PBXFileReference section */
		E90FD5962B8312FB00358EEF /* Cafe.swift */ = {isa = PBXFileReference; lastKnownFileType = sourcecode.swift; path = Cafe.swift; sourceTree = "<group>"; };
		E90FD5D22B84AC3600358EEF /* ParameterEncoding.swift */ = {isa = PBXFileReference; fileEncoding = 4; lastKnownFileType = sourcecode.swift; path = ParameterEncoding.swift; sourceTree = "<group>"; };
		E90FD5D32B84AC3600358EEF /* URLParameterEncoder.swift */ = {isa = PBXFileReference; fileEncoding = 4; lastKnownFileType = sourcecode.swift; path = URLParameterEncoder.swift; sourceTree = "<group>"; };
		E90FD5D42B84AC3600358EEF /* JSONParameterEncoder.swift */ = {isa = PBXFileReference; fileEncoding = 4; lastKnownFileType = sourcecode.swift; path = JSONParameterEncoder.swift; sourceTree = "<group>"; };
		E90FD5D62B84AC3600358EEF /* NetworkManager.swift */ = {isa = PBXFileReference; fileEncoding = 4; lastKnownFileType = sourcecode.swift; path = NetworkManager.swift; sourceTree = "<group>"; };
		E90FD5D82B84AC3600358EEF /* SevenWindsStudioEndpoint.swift */ = {isa = PBXFileReference; fileEncoding = 4; lastKnownFileType = sourcecode.swift; path = SevenWindsStudioEndpoint.swift; sourceTree = "<group>"; };
		E90FD5DA2B84AC3600358EEF /* LoginResponse.swift */ = {isa = PBXFileReference; fileEncoding = 4; lastKnownFileType = sourcecode.swift; path = LoginResponse.swift; sourceTree = "<group>"; };
		E90FD5DB2B84AC3600358EEF /* CafeResponse.swift */ = {isa = PBXFileReference; fileEncoding = 4; lastKnownFileType = sourcecode.swift; path = CafeResponse.swift; sourceTree = "<group>"; };
		E90FD5DC2B84AC3600358EEF /* CafesResponse.swift */ = {isa = PBXFileReference; fileEncoding = 4; lastKnownFileType = sourcecode.swift; path = CafesResponse.swift; sourceTree = "<group>"; };
		E90FD5DD2B84AC3600358EEF /* Coffee.swift */ = {isa = PBXFileReference; fileEncoding = 4; lastKnownFileType = sourcecode.swift; path = Coffee.swift; sourceTree = "<group>"; };
		E90FD5DF2B84AC3600358EEF /* NetworkRouter.swift */ = {isa = PBXFileReference; fileEncoding = 4; lastKnownFileType = sourcecode.swift; path = NetworkRouter.swift; sourceTree = "<group>"; };
		E90FD5E02B84AC3600358EEF /* HTTPTask.swift */ = {isa = PBXFileReference; fileEncoding = 4; lastKnownFileType = sourcecode.swift; path = HTTPTask.swift; sourceTree = "<group>"; };
		E90FD5E12B84AC3600358EEF /* HTTPMethod.swift */ = {isa = PBXFileReference; fileEncoding = 4; lastKnownFileType = sourcecode.swift; path = HTTPMethod.swift; sourceTree = "<group>"; };
		E90FD5E22B84AC3600358EEF /* Router.swift */ = {isa = PBXFileReference; fileEncoding = 4; lastKnownFileType = sourcecode.swift; path = Router.swift; sourceTree = "<group>"; };
		E90FD5E32B84AC3600358EEF /* EndpointType.swift */ = {isa = PBXFileReference; fileEncoding = 4; lastKnownFileType = sourcecode.swift; path = EndpointType.swift; sourceTree = "<group>"; };
		E90FD5F22B84AD4E00358EEF /* LoadingView.swift */ = {isa = PBXFileReference; lastKnownFileType = sourcecode.swift; path = LoadingView.swift; sourceTree = "<group>"; };
		E90FD5F42B84AD7A00358EEF /* ButtonView.swift */ = {isa = PBXFileReference; lastKnownFileType = sourcecode.swift; path = ButtonView.swift; sourceTree = "<group>"; };
		E90FD5F62B84AD9400358EEF /* BackButton.swift */ = {isa = PBXFileReference; lastKnownFileType = sourcecode.swift; path = BackButton.swift; sourceTree = "<group>"; };
		E90FD5FA2B84ADC600358EEF /* CafesViewModel.swift */ = {isa = PBXFileReference; fileEncoding = 4; lastKnownFileType = sourcecode.swift; path = CafesViewModel.swift; sourceTree = "<group>"; };
		E90FD5FC2B84ADC600358EEF /* CafeListView.swift */ = {isa = PBXFileReference; fileEncoding = 4; lastKnownFileType = sourcecode.swift; path = CafeListView.swift; sourceTree = "<group>"; };
		E90FD5FD2B84ADC600358EEF /* CafeDetailView.swift */ = {isa = PBXFileReference; fileEncoding = 4; lastKnownFileType = sourcecode.swift; path = CafeDetailView.swift; sourceTree = "<group>"; };
		E90FD5FE2B84ADC600358EEF /* CoffeeCellView.swift */ = {isa = PBXFileReference; fileEncoding = 4; lastKnownFileType = sourcecode.swift; path = CoffeeCellView.swift; sourceTree = "<group>"; };
		E90FD5FF2B84ADC600358EEF /* OrderView.swift */ = {isa = PBXFileReference; fileEncoding = 4; lastKnownFileType = sourcecode.swift; path = OrderView.swift; sourceTree = "<group>"; };
		E953B7D52B80FDE50007AC01 /* sevenTestStudio.app */ = {isa = PBXFileReference; explicitFileType = wrapper.application; includeInIndex = 0; path = sevenTestStudio.app; sourceTree = BUILT_PRODUCTS_DIR; };
		E953B7D82B80FDE50007AC01 /* sevenTestStudioApp.swift */ = {isa = PBXFileReference; lastKnownFileType = sourcecode.swift; path = sevenTestStudioApp.swift; sourceTree = "<group>"; };
		E953B7DA2B80FDE50007AC01 /* ContentView.swift */ = {isa = PBXFileReference; lastKnownFileType = sourcecode.swift; path = ContentView.swift; sourceTree = "<group>"; };
		E953B7DC2B80FDE70007AC01 /* Assets.xcassets */ = {isa = PBXFileReference; lastKnownFileType = folder.assetcatalog; path = Assets.xcassets; sourceTree = "<group>"; };
		E953B7DF2B80FDE70007AC01 /* Preview Assets.xcassets */ = {isa = PBXFileReference; lastKnownFileType = folder.assetcatalog; path = "Preview Assets.xcassets"; sourceTree = "<group>"; };
		E953B7E52B80FDE80007AC01 /* sevenTestStudioTests.xctest */ = {isa = PBXFileReference; explicitFileType = wrapper.cfbundle; includeInIndex = 0; path = sevenTestStudioTests.xctest; sourceTree = BUILT_PRODUCTS_DIR; };
		E953B7E92B80FDE80007AC01 /* sevenTestStudioTests.swift */ = {isa = PBXFileReference; lastKnownFileType = sourcecode.swift; path = sevenTestStudioTests.swift; sourceTree = "<group>"; };
		E953B7EF2B80FDE80007AC01 /* sevenTestStudioUITests.xctest */ = {isa = PBXFileReference; explicitFileType = wrapper.cfbundle; includeInIndex = 0; path = sevenTestStudioUITests.xctest; sourceTree = BUILT_PRODUCTS_DIR; };
		E953B7F32B80FDE80007AC01 /* sevenTestStudioUITests.swift */ = {isa = PBXFileReference; lastKnownFileType = sourcecode.swift; path = sevenTestStudioUITests.swift; sourceTree = "<group>"; };
		E953B7F52B80FDE80007AC01 /* sevenTestStudioUITestsLaunchTests.swift */ = {isa = PBXFileReference; lastKnownFileType = sourcecode.swift; path = sevenTestStudioUITestsLaunchTests.swift; sourceTree = "<group>"; };
		E953B8062B80FF950007AC01 /* LoginView.swift */ = {isa = PBXFileReference; lastKnownFileType = sourcecode.swift; path = LoginView.swift; sourceTree = "<group>"; };
		E953B8092B80FFE60007AC01 /* InputView.swift */ = {isa = PBXFileReference; lastKnownFileType = sourcecode.swift; path = InputView.swift; sourceTree = "<group>"; };
		E953B80B2B8100270007AC01 /* RegistrationView.swift */ = {isa = PBXFileReference; lastKnownFileType = sourcecode.swift; path = RegistrationView.swift; sourceTree = "<group>"; };
		E953B80E2B8100510007AC01 /* AuthViewModel.swift */ = {isa = PBXFileReference; lastKnownFileType = sourcecode.swift; path = AuthViewModel.swift; sourceTree = "<group>"; };
		E953B8102B8112350007AC01 /* NavigationBarView.swift */ = {isa = PBXFileReference; lastKnownFileType = sourcecode.swift; path = NavigationBarView.swift; sourceTree = "<group>"; };
		E953B82F2B81C5000007AC01 /* Info.plist */ = {isa = PBXFileReference; lastKnownFileType = text.plist; path = Info.plist; sourceTree = "<group>"; };
		E953B8322B824EB40007AC01 /* LocationManager.swift */ = {isa = PBXFileReference; lastKnownFileType = sourcecode.swift; path = LocationManager.swift; sourceTree = "<group>"; };
/* End PBXFileReference section */

/* Begin PBXFrameworksBuildPhase section */
		E953B7D22B80FDE50007AC01 /* Frameworks */ = {
			isa = PBXFrameworksBuildPhase;
			buildActionMask = 2147483647;
			files = (
			);
			runOnlyForDeploymentPostprocessing = 0;
		};
		E953B7E22B80FDE80007AC01 /* Frameworks */ = {
			isa = PBXFrameworksBuildPhase;
			buildActionMask = 2147483647;
			files = (
			);
			runOnlyForDeploymentPostprocessing = 0;
		};
		E953B7EC2B80FDE80007AC01 /* Frameworks */ = {
			isa = PBXFrameworksBuildPhase;
			buildActionMask = 2147483647;
			files = (
			);
			runOnlyForDeploymentPostprocessing = 0;
		};
/* End PBXFrameworksBuildPhase section */

/* Begin PBXGroup section */
		E90FD5D02B84AC3600358EEF /* Network */ = {
			isa = PBXGroup;
			children = (
				E90FD5D12B84AC3600358EEF /* Encoding */,
				E90FD5D52B84AC3600358EEF /* Manager */,
				E90FD5D72B84AC3600358EEF /* Endpoint */,
				E90FD5D92B84AC3600358EEF /* Model */,
				E90FD5DE2B84AC3600358EEF /* Service */,
			);
			path = Network;
			sourceTree = "<group>";
		};
		E90FD5D12B84AC3600358EEF /* Encoding */ = {
			isa = PBXGroup;
			children = (
				E90FD5D22B84AC3600358EEF /* ParameterEncoding.swift */,
				E90FD5D32B84AC3600358EEF /* URLParameterEncoder.swift */,
				E90FD5D42B84AC3600358EEF /* JSONParameterEncoder.swift */,
			);
			path = Encoding;
			sourceTree = "<group>";
		};
		E90FD5D52B84AC3600358EEF /* Manager */ = {
			isa = PBXGroup;
			children = (
				E90FD5D62B84AC3600358EEF /* NetworkManager.swift */,
			);
			path = Manager;
			sourceTree = "<group>";
		};
		E90FD5D72B84AC3600358EEF /* Endpoint */ = {
			isa = PBXGroup;
			children = (
				E90FD5D82B84AC3600358EEF /* SevenWindsStudioEndpoint.swift */,
			);
			path = Endpoint;
			sourceTree = "<group>";
		};
		E90FD5D92B84AC3600358EEF /* Model */ = {
			isa = PBXGroup;
			children = (
				E90FD5DA2B84AC3600358EEF /* LoginResponse.swift */,
				E90FD5DB2B84AC3600358EEF /* CafeResponse.swift */,
				E90FD5DC2B84AC3600358EEF /* CafesResponse.swift */,
				E90FD5DD2B84AC3600358EEF /* Coffee.swift */,
			);
			path = Model;
			sourceTree = "<group>";
		};
		E90FD5DE2B84AC3600358EEF /* Service */ = {
			isa = PBXGroup;
			children = (
				E90FD5DF2B84AC3600358EEF /* NetworkRouter.swift */,
				E90FD5E02B84AC3600358EEF /* HTTPTask.swift */,
				E90FD5E12B84AC3600358EEF /* HTTPMethod.swift */,
				E90FD5E22B84AC3600358EEF /* Router.swift */,
				E90FD5E32B84AC3600358EEF /* EndpointType.swift */,
			);
			path = Service;
			sourceTree = "<group>";
		};
		E90FD5F82B84ADC600358EEF /* CafeList */ = {
			isa = PBXGroup;
			children = (
				E90FD5F92B84ADC600358EEF /* ViewsModel */,
				E90FD5FB2B84ADC600358EEF /* Views */,
			);
			path = CafeList;
			sourceTree = "<group>";
		};
		E90FD5F92B84ADC600358EEF /* ViewsModel */ = {
			isa = PBXGroup;
			children = (
				E90FD5FA2B84ADC600358EEF /* CafesViewModel.swift */,
			);
			path = ViewsModel;
			sourceTree = "<group>";
		};
		E90FD5FB2B84ADC600358EEF /* Views */ = {
			isa = PBXGroup;
			children = (
				E90FD5FC2B84ADC600358EEF /* CafeListView.swift */,
				E90FD5FD2B84ADC600358EEF /* CafeDetailView.swift */,
				E90FD5FE2B84ADC600358EEF /* CoffeeCellView.swift */,
				E90FD5FF2B84ADC600358EEF /* OrderView.swift */,
			);
			path = Views;
			sourceTree = "<group>";
		};
		E953B7CC2B80FDE50007AC01 = {
			isa = PBXGroup;
			children = (
				E953B7D72B80FDE50007AC01 /* sevenTestStudio */,
				E953B7E82B80FDE80007AC01 /* sevenTestStudioTests */,
				E953B7F22B80FDE80007AC01 /* sevenTestStudioUITests */,
				E953B7D62B80FDE50007AC01 /* Products */,
			);
			sourceTree = "<group>";
		};
		E953B7D62B80FDE50007AC01 /* Products */ = {
			isa = PBXGroup;
			children = (
				E953B7D52B80FDE50007AC01 /* sevenTestStudio.app */,
				E953B7E52B80FDE80007AC01 /* sevenTestStudioTests.xctest */,
				E953B7EF2B80FDE80007AC01 /* sevenTestStudioUITests.xctest */,
			);
			name = Products;
			sourceTree = "<group>";
		};
		E953B7D72B80FDE50007AC01 /* sevenTestStudio */ = {
			isa = PBXGroup;
			children = (
				E953B82F2B81C5000007AC01 /* Info.plist */,
				E953B8132B812AB50007AC01 /* Services */,
				E953B8022B80FF300007AC01 /* Application */,
				E953B8122B8128D90007AC01 /* Common */,
				E953B8082B80FFD60007AC01 /* Components */,
				E953B8032B80FF3F0007AC01 /* Modules */,
				E953B7DE2B80FDE70007AC01 /* Preview Content */,
			);
			path = sevenTestStudio;
			sourceTree = "<group>";
		};
		E953B7DE2B80FDE70007AC01 /* Preview Content */ = {
			isa = PBXGroup;
			children = (
				E953B7DF2B80FDE70007AC01 /* Preview Assets.xcassets */,
			);
			path = "Preview Content";
			sourceTree = "<group>";
		};
		E953B7E82B80FDE80007AC01 /* sevenTestStudioTests */ = {
			isa = PBXGroup;
			children = (
				E953B7E92B80FDE80007AC01 /* sevenTestStudioTests.swift */,
			);
			path = sevenTestStudioTests;
			sourceTree = "<group>";
		};
		E953B7F22B80FDE80007AC01 /* sevenTestStudioUITests */ = {
			isa = PBXGroup;
			children = (
				E953B7F32B80FDE80007AC01 /* sevenTestStudioUITests.swift */,
				E953B7F52B80FDE80007AC01 /* sevenTestStudioUITestsLaunchTests.swift */,
			);
			path = sevenTestStudioUITests;
			sourceTree = "<group>";
		};
		E953B8022B80FF300007AC01 /* Application */ = {
			isa = PBXGroup;
			children = (
				E953B7D82B80FDE50007AC01 /* sevenTestStudioApp.swift */,
			);
			path = Application;
			sourceTree = "<group>";
		};
		E953B8032B80FF3F0007AC01 /* Modules */ = {
			isa = PBXGroup;
			children = (
				E90FD5F82B84ADC600358EEF /* CafeList */,
				E953B8042B80FF630007AC01 /* Authentication */,
			);
			path = Modules;
			sourceTree = "<group>";
		};
		E953B8042B80FF630007AC01 /* Authentication */ = {
			isa = PBXGroup;
			children = (
				E953B80D2B8100390007AC01 /* ViewModel */,
				E953B8052B80FF770007AC01 /* Views */,
			);
			path = Authentication;
			sourceTree = "<group>";
		};
		E953B8052B80FF770007AC01 /* Views */ = {
			isa = PBXGroup;
			children = (
				E953B8062B80FF950007AC01 /* LoginView.swift */,
				E953B80B2B8100270007AC01 /* RegistrationView.swift */,
			);
			path = Views;
			sourceTree = "<group>";
		};
		E953B8082B80FFD60007AC01 /* Components */ = {
			isa = PBXGroup;
			children = (
				E953B8092B80FFE60007AC01 /* InputView.swift */,
				E953B8102B8112350007AC01 /* NavigationBarView.swift */,
				E90FD5F22B84AD4E00358EEF /* LoadingView.swift */,
				E90FD5F42B84AD7A00358EEF /* ButtonView.swift */,
				E90FD5F62B84AD9400358EEF /* BackButton.swift */,
			);
			path = Components;
			sourceTree = "<group>";
		};
		E953B80D2B8100390007AC01 /* ViewModel */ = {
			isa = PBXGroup;
			children = (
				E953B80E2B8100510007AC01 /* AuthViewModel.swift */,
			);
			path = ViewModel;
			sourceTree = "<group>";
		};
		E953B8122B8128D90007AC01 /* Common */ = {
			isa = PBXGroup;
			children = (
				E953B7DC2B80FDE70007AC01 /* Assets.xcassets */,
				E953B7DA2B80FDE50007AC01 /* ContentView.swift */,
			);
			path = Common;
			sourceTree = "<group>";
		};
		E953B8132B812AB50007AC01 /* Services */ = {
			isa = PBXGroup;
			children = (
				E90FD5D02B84AC3600358EEF /* Network */,
				E953B8142B812AFD0007AC01 /* Models */,
			);
			path = Services;
			sourceTree = "<group>";
		};
		E953B8142B812AFD0007AC01 /* Models */ = {
			isa = PBXGroup;
			children = (
				E953B8322B824EB40007AC01 /* LocationManager.swift */,
				E90FD5962B8312FB00358EEF /* Cafe.swift */,
			);
			path = Models;
			sourceTree = "<group>";
		};
/* End PBXGroup section */

/* Begin PBXNativeTarget section */
		E953B7D42B80FDE50007AC01 /* sevenTestStudio */ = {
			isa = PBXNativeTarget;
			buildConfigurationList = E953B7F92B80FDE80007AC01 /* Build configuration list for PBXNativeTarget "sevenTestStudio" */;
			buildPhases = (
				E953B7D12B80FDE50007AC01 /* Sources */,
				E953B7D22B80FDE50007AC01 /* Frameworks */,
				E953B7D32B80FDE50007AC01 /* Resources */,
			);
			buildRules = (
			);
			dependencies = (
			);
			name = sevenTestStudio;
			productName = sevenTestStudio;
			productReference = E953B7D52B80FDE50007AC01 /* sevenTestStudio.app */;
			productType = "com.apple.product-type.application";
		};
		E953B7E42B80FDE80007AC01 /* sevenTestStudioTests */ = {
			isa = PBXNativeTarget;
			buildConfigurationList = E953B7FC2B80FDE80007AC01 /* Build configuration list for PBXNativeTarget "sevenTestStudioTests" */;
			buildPhases = (
				E953B7E12B80FDE80007AC01 /* Sources */,
				E953B7E22B80FDE80007AC01 /* Frameworks */,
				E953B7E32B80FDE80007AC01 /* Resources */,
			);
			buildRules = (
			);
			dependencies = (
				E953B7E72B80FDE80007AC01 /* PBXTargetDependency */,
			);
			name = sevenTestStudioTests;
			productName = sevenTestStudioTests;
			productReference = E953B7E52B80FDE80007AC01 /* sevenTestStudioTests.xctest */;
			productType = "com.apple.product-type.bundle.unit-test";
		};
		E953B7EE2B80FDE80007AC01 /* sevenTestStudioUITests */ = {
			isa = PBXNativeTarget;
			buildConfigurationList = E953B7FF2B80FDE80007AC01 /* Build configuration list for PBXNativeTarget "sevenTestStudioUITests" */;
			buildPhases = (
				E953B7EB2B80FDE80007AC01 /* Sources */,
				E953B7EC2B80FDE80007AC01 /* Frameworks */,
				E953B7ED2B80FDE80007AC01 /* Resources */,
			);
			buildRules = (
			);
			dependencies = (
				E953B7F12B80FDE80007AC01 /* PBXTargetDependency */,
			);
			name = sevenTestStudioUITests;
			productName = sevenTestStudioUITests;
			productReference = E953B7EF2B80FDE80007AC01 /* sevenTestStudioUITests.xctest */;
			productType = "com.apple.product-type.bundle.ui-testing";
		};
/* End PBXNativeTarget section */

/* Begin PBXProject section */
		E953B7CD2B80FDE50007AC01 /* Project object */ = {
			isa = PBXProject;
			attributes = {
				BuildIndependentTargetsInParallel = 1;
				LastSwiftUpdateCheck = 1500;
				LastUpgradeCheck = 1500;
				TargetAttributes = {
					E953B7D42B80FDE50007AC01 = {
						CreatedOnToolsVersion = 15.0.1;
					};
					E953B7E42B80FDE80007AC01 = {
						CreatedOnToolsVersion = 15.0.1;
						TestTargetID = E953B7D42B80FDE50007AC01;
					};
					E953B7EE2B80FDE80007AC01 = {
						CreatedOnToolsVersion = 15.0.1;
						TestTargetID = E953B7D42B80FDE50007AC01;
					};
				};
			};
			buildConfigurationList = E953B7D02B80FDE50007AC01 /* Build configuration list for PBXProject "sevenTestStudio" */;
			compatibilityVersion = "Xcode 14.0";
			developmentRegion = en;
			hasScannedForEncodings = 0;
			knownRegions = (
				en,
				Base,
			);
			mainGroup = E953B7CC2B80FDE50007AC01;
			productRefGroup = E953B7D62B80FDE50007AC01 /* Products */;
			projectDirPath = "";
			projectRoot = "";
			targets = (
				E953B7D42B80FDE50007AC01 /* sevenTestStudio */,
				E953B7E42B80FDE80007AC01 /* sevenTestStudioTests */,
				E953B7EE2B80FDE80007AC01 /* sevenTestStudioUITests */,
			);
		};
/* End PBXProject section */

/* Begin PBXResourcesBuildPhase section */
		E953B7D32B80FDE50007AC01 /* Resources */ = {
			isa = PBXResourcesBuildPhase;
			buildActionMask = 2147483647;
			files = (
				E953B7E02B80FDE70007AC01 /* Preview Assets.xcassets in Resources */,
				E953B7DD2B80FDE70007AC01 /* Assets.xcassets in Resources */,
			);
			runOnlyForDeploymentPostprocessing = 0;
		};
		E953B7E32B80FDE80007AC01 /* Resources */ = {
			isa = PBXResourcesBuildPhase;
			buildActionMask = 2147483647;
			files = (
			);
			runOnlyForDeploymentPostprocessing = 0;
		};
		E953B7ED2B80FDE80007AC01 /* Resources */ = {
			isa = PBXResourcesBuildPhase;
			buildActionMask = 2147483647;
			files = (
			);
			runOnlyForDeploymentPostprocessing = 0;
		};
/* End PBXResourcesBuildPhase section */

/* Begin PBXSourcesBuildPhase section */
		E953B7D12B80FDE50007AC01 /* Sources */ = {
			isa = PBXSourcesBuildPhase;
			buildActionMask = 2147483647;
			files = (
				E90FD6032B84ADC600358EEF /* CoffeeCellView.swift in Sources */,
				E90FD5EB2B84AC3600358EEF /* CafesResponse.swift in Sources */,
				E953B8072B80FF950007AC01 /* LoginView.swift in Sources */,
				E953B8332B824EB40007AC01 /* LocationManager.swift in Sources */,
				E953B80A2B80FFE60007AC01 /* InputView.swift in Sources */,
				E953B80F2B8100510007AC01 /* AuthViewModel.swift in Sources */,
				E953B7DB2B80FDE50007AC01 /* ContentView.swift in Sources */,
				E90FD5EA2B84AC3600358EEF /* CafeResponse.swift in Sources */,
				E953B7D92B80FDE50007AC01 /* sevenTestStudioApp.swift in Sources */,
				E90FD5F52B84AD7A00358EEF /* ButtonView.swift in Sources */,
				E90FD5E42B84AC3600358EEF /* ParameterEncoding.swift in Sources */,
				E90FD5972B8312FB00358EEF /* Cafe.swift in Sources */,
				E90FD5E82B84AC3600358EEF /* SevenWindsStudioEndpoint.swift in Sources */,
				E90FD5F72B84AD9400358EEF /* BackButton.swift in Sources */,
				E90FD5F32B84AD4F00358EEF /* LoadingView.swift in Sources */,
				E90FD5E52B84AC3600358EEF /* URLParameterEncoder.swift in Sources */,
				E90FD6012B84ADC600358EEF /* CafeListView.swift in Sources */,
				E90FD6022B84ADC600358EEF /* CafeDetailView.swift in Sources */,
				E953B8112B8112350007AC01 /* NavigationBarView.swift in Sources */,
				E953B80C2B8100280007AC01 /* RegistrationView.swift in Sources */,
				E90FD5F12B84AC3600358EEF /* EndpointType.swift in Sources */,
				E90FD5E72B84AC3600358EEF /* NetworkManager.swift in Sources */,
				E90FD5F02B84AC3600358EEF /* Router.swift in Sources */,
				E90FD5E62B84AC3600358EEF /* JSONParameterEncoder.swift in Sources */,
				E90FD5E92B84AC3600358EEF /* LoginResponse.swift in Sources */,
				E90FD6002B84ADC600358EEF /* CafesViewModel.swift in Sources */,
				E90FD5EE2B84AC3600358EEF /* HTTPTask.swift in Sources */,
				E90FD5EF2B84AC3600358EEF /* HTTPMethod.swift in Sources */,
				E90FD5EC2B84AC3600358EEF /* Coffee.swift in Sources */,
				E90FD5ED2B84AC3600358EEF /* NetworkRouter.swift in Sources */,
				E90FD6042B84ADC600358EEF /* OrderView.swift in Sources */,
			);
			runOnlyForDeploymentPostprocessing = 0;
		};
		E953B7E12B80FDE80007AC01 /* Sources */ = {
			isa = PBXSourcesBuildPhase;
			buildActionMask = 2147483647;
			files = (
				E953B7EA2B80FDE80007AC01 /* sevenTestStudioTests.swift in Sources */,
			);
			runOnlyForDeploymentPostprocessing = 0;
		};
		E953B7EB2B80FDE80007AC01 /* Sources */ = {
			isa = PBXSourcesBuildPhase;
			buildActionMask = 2147483647;
			files = (
				E953B7F62B80FDE80007AC01 /* sevenTestStudioUITestsLaunchTests.swift in Sources */,
				E953B7F42B80FDE80007AC01 /* sevenTestStudioUITests.swift in Sources */,
			);
			runOnlyForDeploymentPostprocessing = 0;
		};
/* End PBXSourcesBuildPhase section */

/* Begin PBXTargetDependency section */
		E953B7E72B80FDE80007AC01 /* PBXTargetDependency */ = {
			isa = PBXTargetDependency;
			target = E953B7D42B80FDE50007AC01 /* sevenTestStudio */;
			targetProxy = E953B7E62B80FDE80007AC01 /* PBXContainerItemProxy */;
		};
		E953B7F12B80FDE80007AC01 /* PBXTargetDependency */ = {
			isa = PBXTargetDependency;
			target = E953B7D42B80FDE50007AC01 /* sevenTestStudio */;
			targetProxy = E953B7F02B80FDE80007AC01 /* PBXContainerItemProxy */;
		};
/* End PBXTargetDependency section */

/* Begin XCBuildConfiguration section */
		E953B7F72B80FDE80007AC01 /* Debug */ = {
			isa = XCBuildConfiguration;
			buildSettings = {
				ALWAYS_SEARCH_USER_PATHS = NO;
				ASSETCATALOG_COMPILER_GENERATE_SWIFT_ASSET_SYMBOL_EXTENSIONS = YES;
				CLANG_ANALYZER_NONNULL = YES;
				CLANG_ANALYZER_NUMBER_OBJECT_CONVERSION = YES_AGGRESSIVE;
				CLANG_CXX_LANGUAGE_STANDARD = "gnu++20";
				CLANG_ENABLE_MODULES = YES;
				CLANG_ENABLE_OBJC_ARC = YES;
				CLANG_ENABLE_OBJC_WEAK = YES;
				CLANG_WARN_BLOCK_CAPTURE_AUTORELEASING = YES;
				CLANG_WARN_BOOL_CONVERSION = YES;
				CLANG_WARN_COMMA = YES;
				CLANG_WARN_CONSTANT_CONVERSION = YES;
				CLANG_WARN_DEPRECATED_OBJC_IMPLEMENTATIONS = YES;
				CLANG_WARN_DIRECT_OBJC_ISA_USAGE = YES_ERROR;
				CLANG_WARN_DOCUMENTATION_COMMENTS = YES;
				CLANG_WARN_EMPTY_BODY = YES;
				CLANG_WARN_ENUM_CONVERSION = YES;
				CLANG_WARN_INFINITE_RECURSION = YES;
				CLANG_WARN_INT_CONVERSION = YES;
				CLANG_WARN_NON_LITERAL_NULL_CONVERSION = YES;
				CLANG_WARN_OBJC_IMPLICIT_RETAIN_SELF = YES;
				CLANG_WARN_OBJC_LITERAL_CONVERSION = YES;
				CLANG_WARN_OBJC_ROOT_CLASS = YES_ERROR;
				CLANG_WARN_QUOTED_INCLUDE_IN_FRAMEWORK_HEADER = YES;
				CLANG_WARN_RANGE_LOOP_ANALYSIS = YES;
				CLANG_WARN_STRICT_PROTOTYPES = YES;
				CLANG_WARN_SUSPICIOUS_MOVE = YES;
				CLANG_WARN_UNGUARDED_AVAILABILITY = YES_AGGRESSIVE;
				CLANG_WARN_UNREACHABLE_CODE = YES;
				CLANG_WARN__DUPLICATE_METHOD_MATCH = YES;
				COPY_PHASE_STRIP = NO;
				DEBUG_INFORMATION_FORMAT = dwarf;
				ENABLE_STRICT_OBJC_MSGSEND = YES;
				ENABLE_TESTABILITY = YES;
				ENABLE_USER_SCRIPT_SANDBOXING = YES;
				GCC_C_LANGUAGE_STANDARD = gnu17;
				GCC_DYNAMIC_NO_PIC = NO;
				GCC_NO_COMMON_BLOCKS = YES;
				GCC_OPTIMIZATION_LEVEL = 0;
				GCC_PREPROCESSOR_DEFINITIONS = (
					"DEBUG=1",
					"$(inherited)",
				);
				GCC_WARN_64_TO_32_BIT_CONVERSION = YES;
				GCC_WARN_ABOUT_RETURN_TYPE = YES_ERROR;
				GCC_WARN_UNDECLARED_SELECTOR = YES;
				GCC_WARN_UNINITIALIZED_AUTOS = YES_AGGRESSIVE;
				GCC_WARN_UNUSED_FUNCTION = YES;
				GCC_WARN_UNUSED_VARIABLE = YES;
				IPHONEOS_DEPLOYMENT_TARGET = 17.0;
				LOCALIZATION_PREFERS_STRING_CATALOGS = YES;
				MTL_ENABLE_DEBUG_INFO = INCLUDE_SOURCE;
				MTL_FAST_MATH = YES;
				ONLY_ACTIVE_ARCH = YES;
				SDKROOT = iphoneos;
				SWIFT_ACTIVE_COMPILATION_CONDITIONS = "DEBUG $(inherited)";
				SWIFT_OPTIMIZATION_LEVEL = "-Onone";
			};
			name = Debug;
		};
		E953B7F82B80FDE80007AC01 /* Release */ = {
			isa = XCBuildConfiguration;
			buildSettings = {
				ALWAYS_SEARCH_USER_PATHS = NO;
				ASSETCATALOG_COMPILER_GENERATE_SWIFT_ASSET_SYMBOL_EXTENSIONS = YES;
				CLANG_ANALYZER_NONNULL = YES;
				CLANG_ANALYZER_NUMBER_OBJECT_CONVERSION = YES_AGGRESSIVE;
				CLANG_CXX_LANGUAGE_STANDARD = "gnu++20";
				CLANG_ENABLE_MODULES = YES;
				CLANG_ENABLE_OBJC_ARC = YES;
				CLANG_ENABLE_OBJC_WEAK = YES;
				CLANG_WARN_BLOCK_CAPTURE_AUTORELEASING = YES;
				CLANG_WARN_BOOL_CONVERSION = YES;
				CLANG_WARN_COMMA = YES;
				CLANG_WARN_CONSTANT_CONVERSION = YES;
				CLANG_WARN_DEPRECATED_OBJC_IMPLEMENTATIONS = YES;
				CLANG_WARN_DIRECT_OBJC_ISA_USAGE = YES_ERROR;
				CLANG_WARN_DOCUMENTATION_COMMENTS = YES;
				CLANG_WARN_EMPTY_BODY = YES;
				CLANG_WARN_ENUM_CONVERSION = YES;
				CLANG_WARN_INFINITE_RECURSION = YES;
				CLANG_WARN_INT_CONVERSION = YES;
				CLANG_WARN_NON_LITERAL_NULL_CONVERSION = YES;
				CLANG_WARN_OBJC_IMPLICIT_RETAIN_SELF = YES;
				CLANG_WARN_OBJC_LITERAL_CONVERSION = YES;
				CLANG_WARN_OBJC_ROOT_CLASS = YES_ERROR;
				CLANG_WARN_QUOTED_INCLUDE_IN_FRAMEWORK_HEADER = YES;
				CLANG_WARN_RANGE_LOOP_ANALYSIS = YES;
				CLANG_WARN_STRICT_PROTOTYPES = YES;
				CLANG_WARN_SUSPICIOUS_MOVE = YES;
				CLANG_WARN_UNGUARDED_AVAILABILITY = YES_AGGRESSIVE;
				CLANG_WARN_UNREACHABLE_CODE = YES;
				CLANG_WARN__DUPLICATE_METHOD_MATCH = YES;
				COPY_PHASE_STRIP = NO;
				DEBUG_INFORMATION_FORMAT = "dwarf-with-dsym";
				ENABLE_NS_ASSERTIONS = NO;
				ENABLE_STRICT_OBJC_MSGSEND = YES;
				ENABLE_USER_SCRIPT_SANDBOXING = YES;
				GCC_C_LANGUAGE_STANDARD = gnu17;
				GCC_NO_COMMON_BLOCKS = YES;
				GCC_WARN_64_TO_32_BIT_CONVERSION = YES;
				GCC_WARN_ABOUT_RETURN_TYPE = YES_ERROR;
				GCC_WARN_UNDECLARED_SELECTOR = YES;
				GCC_WARN_UNINITIALIZED_AUTOS = YES_AGGRESSIVE;
				GCC_WARN_UNUSED_FUNCTION = YES;
				GCC_WARN_UNUSED_VARIABLE = YES;
				IPHONEOS_DEPLOYMENT_TARGET = 17.0;
				LOCALIZATION_PREFERS_STRING_CATALOGS = YES;
				MTL_ENABLE_DEBUG_INFO = NO;
				MTL_FAST_MATH = YES;
				SDKROOT = iphoneos;
				SWIFT_COMPILATION_MODE = wholemodule;
				VALIDATE_PRODUCT = YES;
			};
			name = Release;
		};
		E953B7FA2B80FDE80007AC01 /* Debug */ = {
			isa = XCBuildConfiguration;
			buildSettings = {
				ASSETCATALOG_COMPILER_APPICON_NAME = AppIcon;
				ASSETCATALOG_COMPILER_GLOBAL_ACCENT_COLOR_NAME = AccentColor;
				CODE_SIGN_STYLE = Automatic;
				CURRENT_PROJECT_VERSION = 1;
				DEVELOPMENT_ASSET_PATHS = "\"sevenTestStudio/Preview Content\"";
				DEVELOPMENT_TEAM = 36R3TYQTT7;
				ENABLE_PREVIEWS = YES;
				GENERATE_INFOPLIST_FILE = YES;
				INFOPLIST_FILE = sevenTestStudio/Info.plist;
				INFOPLIST_KEY_UIApplicationSceneManifest_Generation = YES;
				INFOPLIST_KEY_UIApplicationSupportsIndirectInputEvents = YES;
				INFOPLIST_KEY_UILaunchScreen_Generation = YES;
				INFOPLIST_KEY_UISupportedInterfaceOrientations_iPad = "UIInterfaceOrientationPortrait UIInterfaceOrientationPortraitUpsideDown UIInterfaceOrientationLandscapeLeft UIInterfaceOrientationLandscapeRight";
				INFOPLIST_KEY_UISupportedInterfaceOrientations_iPhone = "UIInterfaceOrientationPortrait UIInterfaceOrientationLandscapeLeft UIInterfaceOrientationLandscapeRight";
				LD_RUNPATH_SEARCH_PATHS = (
					"$(inherited)",
					"@executable_path/Frameworks",
				);
				MARKETING_VERSION = 1.0;
				PRODUCT_BUNDLE_IDENTIFIER = croleack.sevenTestStudio;
				PRODUCT_NAME = "$(TARGET_NAME)";
				SWIFT_EMIT_LOC_STRINGS = YES;
				SWIFT_VERSION = 5.0;
				TARGETED_DEVICE_FAMILY = "1,2";
			};
			name = Debug;
		};
		E953B7FB2B80FDE80007AC01 /* Release */ = {
			isa = XCBuildConfiguration;
			buildSettings = {
				ASSETCATALOG_COMPILER_APPICON_NAME = AppIcon;
				ASSETCATALOG_COMPILER_GLOBAL_ACCENT_COLOR_NAME = AccentColor;
				CODE_SIGN_STYLE = Automatic;
				CURRENT_PROJECT_VERSION = 1;
				DEVELOPMENT_ASSET_PATHS = "\"sevenTestStudio/Preview Content\"";
				DEVELOPMENT_TEAM = 36R3TYQTT7;
				ENABLE_PREVIEWS = YES;
				GENERATE_INFOPLIST_FILE = YES;
				INFOPLIST_FILE = sevenTestStudio/Info.plist;
				INFOPLIST_KEY_UIApplicationSceneManifest_Generation = YES;
				INFOPLIST_KEY_UIApplicationSupportsIndirectInputEvents = YES;
				INFOPLIST_KEY_UILaunchScreen_Generation = YES;
				INFOPLIST_KEY_UISupportedInterfaceOrientations_iPad = "UIInterfaceOrientationPortrait UIInterfaceOrientationPortraitUpsideDown UIInterfaceOrientationLandscapeLeft UIInterfaceOrientationLandscapeRight";
				INFOPLIST_KEY_UISupportedInterfaceOrientations_iPhone = "UIInterfaceOrientationPortrait UIInterfaceOrientationLandscapeLeft UIInterfaceOrientationLandscapeRight";
				LD_RUNPATH_SEARCH_PATHS = (
					"$(inherited)",
					"@executable_path/Frameworks",
				);
				MARKETING_VERSION = 1.0;
				PRODUCT_BUNDLE_IDENTIFIER = croleack.sevenTestStudio;
				PRODUCT_NAME = "$(TARGET_NAME)";
				SWIFT_EMIT_LOC_STRINGS = YES;
				SWIFT_VERSION = 5.0;
				TARGETED_DEVICE_FAMILY = "1,2";
			};
			name = Release;
		};
		E953B7FD2B80FDE80007AC01 /* Debug */ = {
			isa = XCBuildConfiguration;
			buildSettings = {
				ALWAYS_EMBED_SWIFT_STANDARD_LIBRARIES = YES;
				BUNDLE_LOADER = "$(TEST_HOST)";
				CODE_SIGN_STYLE = Automatic;
				CURRENT_PROJECT_VERSION = 1;
				DEVELOPMENT_TEAM = 36R3TYQTT7;
				GENERATE_INFOPLIST_FILE = YES;
				IPHONEOS_DEPLOYMENT_TARGET = 17.0;
				MARKETING_VERSION = 1.0;
				PRODUCT_BUNDLE_IDENTIFIER = croleack.sevenTestStudioTests;
				PRODUCT_NAME = "$(TARGET_NAME)";
				SWIFT_EMIT_LOC_STRINGS = NO;
				SWIFT_VERSION = 5.0;
				TARGETED_DEVICE_FAMILY = "1,2";
				TEST_HOST = "$(BUILT_PRODUCTS_DIR)/sevenTestStudio.app/$(BUNDLE_EXECUTABLE_FOLDER_PATH)/sevenTestStudio";
			};
			name = Debug;
		};
		E953B7FE2B80FDE80007AC01 /* Release */ = {
			isa = XCBuildConfiguration;
			buildSettings = {
				ALWAYS_EMBED_SWIFT_STANDARD_LIBRARIES = YES;
				BUNDLE_LOADER = "$(TEST_HOST)";
				CODE_SIGN_STYLE = Automatic;
				CURRENT_PROJECT_VERSION = 1;
				DEVELOPMENT_TEAM = 36R3TYQTT7;
				GENERATE_INFOPLIST_FILE = YES;
				IPHONEOS_DEPLOYMENT_TARGET = 17.0;
				MARKETING_VERSION = 1.0;
				PRODUCT_BUNDLE_IDENTIFIER = croleack.sevenTestStudioTests;
				PRODUCT_NAME = "$(TARGET_NAME)";
				SWIFT_EMIT_LOC_STRINGS = NO;
				SWIFT_VERSION = 5.0;
				TARGETED_DEVICE_FAMILY = "1,2";
				TEST_HOST = "$(BUILT_PRODUCTS_DIR)/sevenTestStudio.app/$(BUNDLE_EXECUTABLE_FOLDER_PATH)/sevenTestStudio";
			};
			name = Release;
		};
		E953B8002B80FDE80007AC01 /* Debug */ = {
			isa = XCBuildConfiguration;
			buildSettings = {
				ALWAYS_EMBED_SWIFT_STANDARD_LIBRARIES = YES;
				CODE_SIGN_STYLE = Automatic;
				CURRENT_PROJECT_VERSION = 1;
				DEVELOPMENT_TEAM = 36R3TYQTT7;
				GENERATE_INFOPLIST_FILE = YES;
				MARKETING_VERSION = 1.0;
				PRODUCT_BUNDLE_IDENTIFIER = croleack.sevenTestStudioUITests;
				PRODUCT_NAME = "$(TARGET_NAME)";
				SWIFT_EMIT_LOC_STRINGS = NO;
				SWIFT_VERSION = 5.0;
				TARGETED_DEVICE_FAMILY = "1,2";
				TEST_TARGET_NAME = sevenTestStudio;
			};
			name = Debug;
		};
		E953B8012B80FDE80007AC01 /* Release */ = {
			isa = XCBuildConfiguration;
			buildSettings = {
				ALWAYS_EMBED_SWIFT_STANDARD_LIBRARIES = YES;
				CODE_SIGN_STYLE = Automatic;
				CURRENT_PROJECT_VERSION = 1;
				DEVELOPMENT_TEAM = 36R3TYQTT7;
				GENERATE_INFOPLIST_FILE = YES;
				MARKETING_VERSION = 1.0;
				PRODUCT_BUNDLE_IDENTIFIER = croleack.sevenTestStudioUITests;
				PRODUCT_NAME = "$(TARGET_NAME)";
				SWIFT_EMIT_LOC_STRINGS = NO;
				SWIFT_VERSION = 5.0;
				TARGETED_DEVICE_FAMILY = "1,2";
				TEST_TARGET_NAME = sevenTestStudio;
			};
			name = Release;
		};
/* End XCBuildConfiguration section */

/* Begin XCConfigurationList section */
		E953B7D02B80FDE50007AC01 /* Build configuration list for PBXProject "sevenTestStudio" */ = {
			isa = XCConfigurationList;
			buildConfigurations = (
				E953B7F72B80FDE80007AC01 /* Debug */,
				E953B7F82B80FDE80007AC01 /* Release */,
			);
			defaultConfigurationIsVisible = 0;
			defaultConfigurationName = Release;
		};
		E953B7F92B80FDE80007AC01 /* Build configuration list for PBXNativeTarget "sevenTestStudio" */ = {
			isa = XCConfigurationList;
			buildConfigurations = (
				E953B7FA2B80FDE80007AC01 /* Debug */,
				E953B7FB2B80FDE80007AC01 /* Release */,
			);
			defaultConfigurationIsVisible = 0;
			defaultConfigurationName = Release;
		};
		E953B7FC2B80FDE80007AC01 /* Build configuration list for PBXNativeTarget "sevenTestStudioTests" */ = {
			isa = XCConfigurationList;
			buildConfigurations = (
				E953B7FD2B80FDE80007AC01 /* Debug */,
				E953B7FE2B80FDE80007AC01 /* Release */,
			);
			defaultConfigurationIsVisible = 0;
			defaultConfigurationName = Release;
		};
		E953B7FF2B80FDE80007AC01 /* Build configuration list for PBXNativeTarget "sevenTestStudioUITests" */ = {
			isa = XCConfigurationList;
			buildConfigurations = (
				E953B8002B80FDE80007AC01 /* Debug */,
				E953B8012B80FDE80007AC01 /* Release */,
			);
			defaultConfigurationIsVisible = 0;
			defaultConfigurationName = Release;
		};
/* End XCConfigurationList section */
	};
	rootObject = E953B7CD2B80FDE50007AC01 /* Project object */;
}
